// !$*UTF8*$!
{
	archiveVersion = 1;
	classes = {
	};
	objectVersion = 46;
	objects = {

/* Begin PBXBuildFile section */
		154D82A51B8A24CF007D59B5 /* Slot.swift in Sources */ = {isa = PBXBuildFile; fileRef = 154D82A41B8A24CF007D59B5 /* Slot.swift */; };
		154D82F61B8A262B007D59B5 /* Factory.swift in Sources */ = {isa = PBXBuildFile; fileRef = 154D82F51B8A262B007D59B5 /* Factory.swift */; };
		154F0BB81B7FB429008607EC /* AppDelegate.swift in Sources */ = {isa = PBXBuildFile; fileRef = 154F0BB71B7FB429008607EC /* AppDelegate.swift */; };
		154F0BBA1B7FB429008607EC /* ViewController.swift in Sources */ = {isa = PBXBuildFile; fileRef = 154F0BB91B7FB429008607EC /* ViewController.swift */; };
		154F0BBD1B7FB429008607EC /* Main.storyboard in Resources */ = {isa = PBXBuildFile; fileRef = 154F0BBB1B7FB429008607EC /* Main.storyboard */; };
		154F0BBF1B7FB429008607EC /* Images.xcassets in Resources */ = {isa = PBXBuildFile; fileRef = 154F0BBE1B7FB429008607EC /* Images.xcassets */; };
		154F0BC21B7FB429008607EC /* LaunchScreen.xib in Resources */ = {isa = PBXBuildFile; fileRef = 154F0BC01B7FB429008607EC /* LaunchScreen.xib */; };
		154F0BCE1B7FB429008607EC /* SlotMachineTests.swift in Sources */ = {isa = PBXBuildFile; fileRef = 154F0BCD1B7FB429008607EC /* SlotMachineTests.swift */; };
/* End PBXBuildFile section */

/* Begin PBXContainerItemProxy section */
		154F0BC81B7FB429008607EC /* PBXContainerItemProxy */ = {
			isa = PBXContainerItemProxy;
			containerPortal = 154F0BAA1B7FB428008607EC /* Project object */;
			proxyType = 1;
			remoteGlobalIDString = 154F0BB11B7FB428008607EC;
			remoteInfo = SlotMachine;
		};
/* End PBXContainerItemProxy section */

/* Begin PBXFileReference section */
		154D82A41B8A24CF007D59B5 /* Slot.swift */ = {isa = PBXFileReference; fileEncoding = 4; lastKnownFileType = sourcecode.swift; path = Slot.swift; sourceTree = "<group>"; };
		154D82F51B8A262B007D59B5 /* Factory.swift */ = {isa = PBXFileReference; fileEncoding = 4; lastKnownFileType = sourcecode.swift; path = Factory.swift; sourceTree = "<group>"; };
		154F0BB21B7FB429008607EC /* SlotMachine.app */ = {isa = PBXFileReference; explicitFileType = wrapper.application; includeInIndex = 0; path = SlotMachine.app; sourceTree = BUILT_PRODUCTS_DIR; };
		154F0BB61B7FB429008607EC /* Info.plist */ = {isa = PBXFileReference; lastKnownFileType = text.plist.xml; path = Info.plist; sourceTree = "<group>"; };
		154F0BB71B7FB429008607EC /* AppDelegate.swift */ = {isa = PBXFileReference; lastKnownFileType = sourcecode.swift; path = AppDelegate.swift; sourceTree = "<group>"; };
		154F0BB91B7FB429008607EC /* ViewController.swift */ = {isa = PBXFileReference; lastKnownFileType = sourcecode.swift; path = ViewController.swift; sourceTree = "<group>"; };
		154F0BBC1B7FB429008607EC /* Base */ = {isa = PBXFileReference; lastKnownFileType = file.storyboard; name = Base; path = Base.lproj/Main.storyboard; sourceTree = "<group>"; };
		154F0BBE1B7FB429008607EC /* Images.xcassets */ = {isa = PBXFileReference; lastKnownFileType = folder.assetcatalog; path = Images.xcassets; sourceTree = "<group>"; };
		154F0BC11B7FB429008607EC /* Base */ = {isa = PBXFileReference; lastKnownFileType = file.xib; name = Base; path = Base.lproj/LaunchScreen.xib; sourceTree = "<group>"; };
		154F0BC71B7FB429008607EC /* SlotMachineTests.xctest */ = {isa = PBXFileReference; explicitFileType = wrapper.cfbundle; includeInIndex = 0; path = SlotMachineTests.xctest; sourceTree = BUILT_PRODUCTS_DIR; };
		154F0BCC1B7FB429008607EC /* Info.plist */ = {isa = PBXFileReference; lastKnownFileType = text.plist.xml; path = Info.plist; sourceTree = "<group>"; };
		154F0BCD1B7FB429008607EC /* SlotMachineTests.swift */ = {isa = PBXFileReference; lastKnownFileType = sourcecode.swift; path = SlotMachineTests.swift; sourceTree = "<group>"; };
/* End PBXFileReference section */

/* Begin PBXFrameworksBuildPhase section */
		154F0BAF1B7FB428008607EC /* Frameworks */ = {
			isa = PBXFrameworksBuildPhase;
			buildActionMask = 2147483647;
			files = (
			);
			runOnlyForDeploymentPostprocessing = 0;
		};
		154F0BC41B7FB429008607EC /* Frameworks */ = {
			isa = PBXFrameworksBuildPhase;
			buildActionMask = 2147483647;
			files = (
			);
			runOnlyForDeploymentPostprocessing = 0;
		};
/* End PBXFrameworksBuildPhase section */

/* Begin PBXGroup section */
		154F0BA91B7FB428008607EC = {
			isa = PBXGroup;
			children = (
				154D82A41B8A24CF007D59B5 /* Slot.swift */,
				154D82F51B8A262B007D59B5 /* Factory.swift */,
				154F0BB41B7FB429008607EC /* SlotMachine */,
				154F0BCA1B7FB429008607EC /* SlotMachineTests */,
				154F0BB31B7FB429008607EC /* Products */,
			);
			sourceTree = "<group>";
		};
		154F0BB31B7FB429008607EC /* Products */ = {
			isa = PBXGroup;
			children = (
				154F0BB21B7FB429008607EC /* SlotMachine.app */,
				154F0BC71B7FB429008607EC /* SlotMachineTests.xctest */,
			);
			name = Products;
			sourceTree = "<group>";
		};
		154F0BB41B7FB429008607EC /* SlotMachine */ = {
			isa = PBXGroup;
			children = (
				154F0BB71B7FB429008607EC /* AppDelegate.swift */,
				154F0BB91B7FB429008607EC /* ViewController.swift */,
				154F0BBB1B7FB429008607EC /* Main.storyboard */,
				154F0BBE1B7FB429008607EC /* Images.xcassets */,
				154F0BC01B7FB429008607EC /* LaunchScreen.xib */,
				154F0BB51B7FB429008607EC /* Supporting Files */,
			);
			path = SlotMachine;
			sourceTree = "<group>";
		};
		154F0BB51B7FB429008607EC /* Supporting Files */ = {
			isa = PBXGroup;
			children = (
				154F0BB61B7FB429008607EC /* Info.plist */,
			);
			name = "Supporting Files";
			sourceTree = "<group>";
		};
		154F0BCA1B7FB429008607EC /* SlotMachineTests */ = {
			isa = PBXGroup;
			children = (
				154F0BCD1B7FB429008607EC /* SlotMachineTests.swift */,
				154F0BCB1B7FB429008607EC /* Supporting Files */,
			);
			path = SlotMachineTests;
			sourceTree = "<group>";
		};
		154F0BCB1B7FB429008607EC /* Supporting Files */ = {
			isa = PBXGroup;
			children = (
				154F0BCC1B7FB429008607EC /* Info.plist */,
			);
			name = "Supporting Files";
			sourceTree = "<group>";
		};
/* End PBXGroup section */

/* Begin PBXNativeTarget section */
		154F0BB11B7FB428008607EC /* SlotMachine */ = {
			isa = PBXNativeTarget;
			buildConfigurationList = 154F0BD11B7FB429008607EC /* Build configuration list for PBXNativeTarget "SlotMachine" */;
			buildPhases = (
				154F0BAE1B7FB428008607EC /* Sources */,
				154F0BAF1B7FB428008607EC /* Frameworks */,
				154F0BB01B7FB428008607EC /* Resources */,
			);
			buildRules = (
			);
			dependencies = (
			);
			name = SlotMachine;
			productName = SlotMachine;
			productReference = 154F0BB21B7FB429008607EC /* SlotMachine.app */;
			productType = "com.apple.product-type.application";
		};
		154F0BC61B7FB429008607EC /* SlotMachineTests */ = {
			isa = PBXNativeTarget;
			buildConfigurationList = 154F0BD41B7FB429008607EC /* Build configuration list for PBXNativeTarget "SlotMachineTests" */;
			buildPhases = (
				154F0BC31B7FB429008607EC /* Sources */,
				154F0BC41B7FB429008607EC /* Frameworks */,
				154F0BC51B7FB429008607EC /* Resources */,
			);
			buildRules = (
			);
			dependencies = (
				154F0BC91B7FB429008607EC /* PBXTargetDependency */,
			);
			name = SlotMachineTests;
			productName = SlotMachineTests;
			productReference = 154F0BC71B7FB429008607EC /* SlotMachineTests.xctest */;
			productType = "com.apple.product-type.bundle.unit-test";
		};
/* End PBXNativeTarget section */

/* Begin PBXProject section */
		154F0BAA1B7FB428008607EC /* Project object */ = {
			isa = PBXProject;
			attributes = {
				LastUpgradeCheck = 0640;
				ORGANIZATIONNAME = "Randall Mardus";
				TargetAttributes = {
					154F0BB11B7FB428008607EC = {
						CreatedOnToolsVersion = 6.4;
					};
					154F0BC61B7FB429008607EC = {
						CreatedOnToolsVersion = 6.4;
						TestTargetID = 154F0BB11B7FB428008607EC;
					};
				};
			};
			buildConfigurationList = 154F0BAD1B7FB428008607EC /* Build configuration list for PBXProject "SlotMachine" */;
			compatibilityVersion = "Xcode 3.2";
			developmentRegion = English;
			hasScannedForEncodings = 0;
			knownRegions = (
				en,
				Base,
			);
			mainGroup = 154F0BA91B7FB428008607EC;
			productRefGroup = 154F0BB31B7FB429008607EC /* Products */;
			projectDirPath = "";
			projectRoot = "";
			targets = (
				154F0BB11B7FB428008607EC /* SlotMachine */,
				154F0BC61B7FB429008607EC /* SlotMachineTests */,
			);
		};
/* End PBXProject section */

/* Begin PBXResourcesBuildPhase section */
		154F0BB01B7FB428008607EC /* Resources */ = {
			isa = PBXResourcesBuildPhase;
			buildActionMask = 2147483647;
			files = (
				154F0BBD1B7FB429008607EC /* Main.storyboard in Resources */,
				154F0BC21B7FB429008607EC /* LaunchScreen.xib in Resources */,
				154F0BBF1B7FB429008607EC /* Images.xcassets in Resources */,
			);
			runOnlyForDeploymentPostprocessing = 0;
		};
		154F0BC51B7FB429008607EC /* Resources */ = {
			isa = PBXResourcesBuildPhase;
			buildActionMask = 2147483647;
			files = (
			);
			runOnlyForDeploymentPostprocessing = 0;
		};
/* End PBXResourcesBuildPhase section */

/* Begin PBXSourcesBuildPhase section */
		154F0BAE1B7FB428008607EC /* Sources */ = {
			isa = PBXSourcesBuildPhase;
			buildActionMask = 2147483647;
			files = (
				154D82F61B8A262B007D59B5 /* Factory.swift in Sources */,
				154F0BBA1B7FB429008607EC /* ViewController.swift in Sources */,
				154D82A51B8A24CF007D59B5 /* Slot.swift in Sources */,
				154F0BB81B7FB429008607EC /* AppDelegate.swift in Sources */,
			);
			runOnlyForDeploymentPostprocessing = 0;
		};
		154F0BC31B7FB429008607EC /* Sources */ = {
			isa = PBXSourcesBuildPhase;
			buildActionMask = 2147483647;
			files = (
				154F0BCE1B7FB429008607EC /* SlotMachineTests.swift in Sources */,
			);
			runOnlyForDeploymentPostprocessing = 0;
		};
/* End PBXSourcesBuildPhase section */

/* Begin PBXTargetDependency section */
		154F0BC91B7FB429008607EC /* PBXTargetDependency */ = {
			isa = PBXTargetDependency;
			target = 154F0BB11B7FB428008607EC /* SlotMachine */;
			targetProxy = 154F0BC81B7FB429008607EC /* PBXContainerItemProxy */;
		};
/* End PBXTargetDependency section */

/* Begin PBXVariantGroup section */
		154F0BBB1B7FB429008607EC /* Main.storyboard */ = {
			isa = PBXVariantGroup;
			children = (
				154F0BBC1B7FB429008607EC /* Base */,
			);
			name = Main.storyboard;
			sourceTree = "<group>";
		};
		154F0BC01B7FB429008607EC /* LaunchScreen.xib */ = {
			isa = PBXVariantGroup;
			children = (
				154F0BC11B7FB429008607EC /* Base */,
			);
			name = LaunchScreen.xib;
			sourceTree = "<group>";
		};
/* End PBXVariantGroup section */

/* Begin XCBuildConfiguration section */
		154F0BCF1B7FB429008607EC /* Debug */ = {
			isa = XCBuildConfiguration;
			buildSettings = {
				ALWAYS_SEARCH_USER_PATHS = NO;
				CLANG_CXX_LANGUAGE_STANDARD = "gnu++0x";
				CLANG_CXX_LIBRARY = "libc++";
				CLANG_ENABLE_MODULES = YES;
				CLANG_ENABLE_OBJC_ARC = YES;
				CLANG_WARN_BOOL_CONVERSION = YES;
				CLANG_WARN_CONSTANT_CONVERSION = YES;
				CLANG_WARN_DIRECT_OBJC_ISA_USAGE = YES_ERROR;
				CLANG_WARN_EMPTY_BODY = YES;
				CLANG_WARN_ENUM_CONVERSION = YES;
				CLANG_WARN_INT_CONVERSION = YES;
				CLANG_WARN_OBJC_ROOT_CLASS = YES_ERROR;
				CLANG_WARN_UNREACHABLE_CODE = YES;
				CLANG_WARN__DUPLICATE_METHOD_MATCH = YES;
				"CODE_SIGN_IDENTITY[sdk=iphoneos*]" = "iPhone Developer";
				COPY_PHASE_STRIP = NO;
				DEBUG_INFORMATION_FORMAT = "dwarf-with-dsym";
				ENABLE_STRICT_OBJC_MSGSEND = YES;
				GCC_C_LANGUAGE_STANDARD = gnu99;
				GCC_DYNAMIC_NO_PIC = NO;
				GCC_NO_COMMON_BLOCKS = YES;
				GCC_OPTIMIZATION_LEVEL = 0;
				GCC_PREPROCESSOR_DEFINITIONS = (
					"DEBUG=1",
					"$(inherited)",
				);
				GCC_SYMBOLS_PRIVATE_EXTERN = NO;
				GCC_WARN_64_TO_32_BIT_CONVERSION = YES;
				GCC_WARN_ABOUT_RETURN_TYPE = YES_ERROR;
				GCC_WARN_UNDECLARED_SELECTOR = YES;
				GCC_WARN_UNINITIALIZED_AUTOS = YES_AGGRESSIVE;
				GCC_WARN_UNUSED_FUNCTION = YES;
				GCC_WARN_UNUSED_VARIABLE = YES;
				IPHONEOS_DEPLOYMENT_TARGET = 8.4;
				MTL_ENABLE_DEBUG_INFO = YES;
				ONLY_ACTIVE_ARCH = YES;
				SDKROOT = iphoneos;
				SWIFT_OPTIMIZATION_LEVEL = "-Onone";
				TARGETED_DEVICE_FAMILY = "1,2";
			};
			name = Debug;
		};
		154F0BD01B7FB429008607EC /* Release */ = {
			isa = XCBuildConfiguration;
			buildSettings = {
				ALWAYS_SEARCH_USER_PATHS = NO;
				CLANG_CXX_LANGUAGE_STANDARD = "gnu++0x";
				CLANG_CXX_LIBRARY = "libc++";
				CLANG_ENABLE_MODULES = YES;
				CLANG_ENABLE_OBJC_ARC = YES;
				CLANG_WARN_BOOL_CONVERSION = YES;
				CLANG_WARN_CONSTANT_CONVERSION = YES;
				CLANG_WARN_DIRECT_OBJC_ISA_USAGE = YES_ERROR;
				CLANG_WARN_EMPTY_BODY = YES;
				CLANG_WARN_ENUM_CONVERSION = YES;
				CLANG_WARN_INT_CONVERSION = YES;
				CLANG_WARN_OBJC_ROOT_CLASS = YES_ERROR;
				CLANG_WARN_UNREACHABLE_CODE = YES;
				CLANG_WARN__DUPLICATE_METHOD_MATCH = YES;
				"CODE_SIGN_IDENTITY[sdk=iphoneos*]" = "iPhone Developer";
				COPY_PHASE_STRIP = NO;
				DEBUG_INFORMATION_FORMAT = "dwarf-with-dsym";
				ENABLE_NS_ASSERTIONS = NO;
				ENABLE_STRICT_OBJC_MSGSEND = YES;
				GCC_C_LANGUAGE_STANDARD = gnu99;
				GCC_NO_COMMON_BLOCKS = YES;
				GCC_WARN_64_TO_32_BIT_CONVERSION = YES;
				GCC_WARN_ABOUT_RETURN_TYPE = YES_ERROR;
				GCC_WARN_UNDECLARED_SELECTOR = YES;
				GCC_WARN_UNINITIALIZED_AUTOS = YES_AGGRESSIVE;
				GCC_WARN_UNUSED_FUNCTION = YES;
				GCC_WARN_UNUSED_VARIABLE = YES;
				IPHONEOS_DEPLOYMENT_TARGET = 8.4;
				MTL_ENABLE_DEBUG_INFO = NO;
				SDKROOT = iphoneos;
				TARGETED_DEVICE_FAMILY = "1,2";
				VALIDATE_PRODUCT = YES;
			};
			name = Release;
		};
		154F0BD21B7FB429008607EC /* Debug */ = {
			isa = XCBuildConfiguration;
			buildSettings = {
				ASSETCATALOG_COMPILER_APPICON_NAME = AppIcon;
				INFOPLIST_FILE = SlotMachine/Info.plist;
				LD_RUNPATH_SEARCH_PATHS = "$(inherited) @executable_path/Frameworks";
				PRODUCT_NAME = "$(TARGET_NAME)";
			};
			name = Debug;
		};
		154F0BD31B7FB429008607EC /* Release */ = {
			isa = XCBuildConfiguration;
			buildSettings = {
				ASSETCATALOG_COMPILER_APPICON_NAME = AppIcon;
				INFOPLIST_FILE = SlotMachine/Info.plist;
				LD_RUNPATH_SEARCH_PATHS = "$(inherited) @executable_path/Frameworks";
				PRODUCT_NAME = "$(TARGET_NAME)";
			};
			name = Release;
		};
		154F0BD51B7FB429008607EC /* Debug */ = {
			isa = XCBuildConfiguration;
			buildSettings = {
				BUNDLE_LOADER = "$(TEST_HOST)";
				FRAMEWORK_SEARCH_PATHS = (
					"$(SDKROOT)/Developer/Library/Frameworks",
					"$(inherited)",
				);
				GCC_PREPROCESSOR_DEFINITIONS = (
					"DEBUG=1",
					"$(inherited)",
				);
				INFOPLIST_FILE = SlotMachineTests/Info.plist;
				LD_RUNPATH_SEARCH_PATHS = "$(inherited) @executable_path/Frameworks @loader_path/Frameworks";
				PRODUCT_NAME = "$(TARGET_NAME)";
				TEST_HOST = "$(BUILT_PRODUCTS_DIR)/SlotMachine.app/SlotMachine";
			};
			name = Debug;
		};
		154F0BD61B7FB429008607EC /* Release */ = {
			isa = XCBuildConfiguration;
			buildSettings = {
				BUNDLE_LOADER = "$(TEST_HOST)";
				FRAMEWORK_SEARCH_PATHS = (
					"$(SDKROOT)/Developer/Library/Frameworks",
					"$(inherited)",
				);
				INFOPLIST_FILE = SlotMachineTests/Info.plist;
				LD_RUNPATH_SEARCH_PATHS = "$(inherited) @executable_path/Frameworks @loader_path/Frameworks";
				PRODUCT_NAME = "$(TARGET_NAME)";
				TEST_HOST = "$(BUILT_PRODUCTS_DIR)/SlotMachine.app/SlotMachine";
			};
			name = Release;
		};
/* End XCBuildConfiguration section */

/* Begin XCConfigurationList section */
		154F0BAD1B7FB428008607EC /* Build configuration list for PBXProject "SlotMachine" */ = {
			isa = XCConfigurationList;
			buildConfigurations = (
				154F0BCF1B7FB429008607EC /* Debug */,
				154F0BD01B7FB429008607EC /* Release */,
			);
			defaultConfigurationIsVisible = 0;
			defaultConfigurationName = Release;
		};
		154F0BD11B7FB429008607EC /* Build configuration list for PBXNativeTarget "SlotMachine" */ = {
			isa = XCConfigurationList;
			buildConfigurations = (
				154F0BD21B7FB429008607EC /* Debug */,
				154F0BD31B7FB429008607EC /* Release */,
			);
			defaultConfigurationIsVisible = 0;
			defaultConfigurationName = Release;
		};
		154F0BD41B7FB429008607EC /* Build configuration list for PBXNativeTarget "SlotMachineTests" */ = {
			isa = XCConfigurationList;
			buildConfigurations = (
				154F0BD51B7FB429008607EC /* Debug */,
				154F0BD61B7FB429008607EC /* Release */,
			);
			defaultConfigurationIsVisible = 0;
			defaultConfigurationName = Release;
		};
/* End XCConfigurationList section */
	};
	rootObject = 154F0BAA1B7FB428008607EC /* Project object */;
}
